[[package]]
name = "bitflags"
version = "0.7.0"
source = "registry+https://github.com/rust-lang/crates.io-index"

[[package]]
name = "bitflags"
version = "1.0.4"
source = "registry+https://github.com/rust-lang/crates.io-index"

[[package]]
name = "byteorder"
version = "1.2.4"
source = "registry+https://github.com/rust-lang/crates.io-index"

[[package]]
name = "cc"
version = "1.0.19"
source = "registry+https://github.com/rust-lang/crates.io-index"

[[package]]
name = "derive_more"
version = "0.6.2"
source = "registry+https://github.com/rust-lang/crates.io-index"
dependencies = [
 "quote 0.3.15 (registry+https://github.com/rust-lang/crates.io-index)",
 "syn 0.11.11 (registry+https://github.com/rust-lang/crates.io-index)",
]

[[package]]
name = "encode_unicode"
version = "0.3.2"
source = "registry+https://github.com/rust-lang/crates.io-index"

[[package]]
name = "fat"
version = "0.1.0"
source = "git+https://gitlab.com/susurrus/fat-rs?rev=fb831ff819580cacef495ad8397717f0d9dc5ab8#fb831ff819580cacef495ad8397717f0d9dc5ab8"
dependencies = [
 "bitflags 1.0.4 (registry+https://github.com/rust-lang/crates.io-index)",
 "byteorder 1.2.4 (registry+https://github.com/rust-lang/crates.io-index)",
 "derive_more 0.6.2 (registry+https://github.com/rust-lang/crates.io-index)",
 "encode_unicode 0.3.2 (registry+https://github.com/rust-lang/crates.io-index)",
]

[[package]]
name = "goblin"
version = "0.0.10"
source = "registry+https://github.com/rust-lang/crates.io-index"
dependencies = [
 "plain 0.0.2 (registry+https://github.com/rust-lang/crates.io-index)",
 "scroll 0.5.0 (registry+https://github.com/rust-lang/crates.io-index)",
]

[[package]]
name = "linked_list_allocator"
version = "0.6.2"
source = "registry+https://github.com/rust-lang/crates.io-index"
dependencies = [
 "spin 0.4.9 (registry+https://github.com/rust-lang/crates.io-index)",
]

[[package]]
name = "plain"
version = "0.0.2"
source = "registry+https://github.com/rust-lang/crates.io-index"

[[package]]
name = "quote"
version = "0.3.15"
source = "registry+https://github.com/rust-lang/crates.io-index"

[[package]]
name = "raw-cpuid"
version = "2.0.2"
source = "registry+https://github.com/rust-lang/crates.io-index"
dependencies = [
 "bitflags 0.7.0 (registry+https://github.com/rust-lang/crates.io-index)",
]

[[package]]
name = "raw-cpuid"
version = "3.1.0"
source = "registry+https://github.com/rust-lang/crates.io-index"
dependencies = [
 "bitflags 0.7.0 (registry+https://github.com/rust-lang/crates.io-index)",
 "cc 1.0.19 (registry+https://github.com/rust-lang/crates.io-index)",
]

[[package]]
name = "redox-loader"
version = "0.1.0"
dependencies = [
 "bitflags 1.0.4 (registry+https://github.com/rust-lang/crates.io-index)",
 "byteorder 1.2.4 (registry+https://github.com/rust-lang/crates.io-index)",
 "fat 0.1.0 (git+https://gitlab.com/susurrus/fat-rs?rev=fb831ff819580cacef495ad8397717f0d9dc5ab8)",
 "goblin 0.0.10 (registry+https://github.com/rust-lang/crates.io-index)",
 "linked_list_allocator 0.6.2 (registry+https://github.com/rust-lang/crates.io-index)",
 "raw-cpuid 3.1.0 (registry+https://github.com/rust-lang/crates.io-index)",
 "redox_syscall 0.1.40",
 "rlibc 1.0.0 (registry+https://github.com/rust-lang/crates.io-index)",
 "slab_allocator 0.3.1",
 "spin 0.4.9 (registry+https://github.com/rust-lang/crates.io-index)",
 "x86 0.7.2 (registry+https://github.com/rust-lang/crates.io-index)",
]

[[package]]
name = "redox_syscall"
version = "0.1.40"

[[package]]
name = "rlibc"
version = "1.0.0"
source = "registry+https://github.com/rust-lang/crates.io-index"

[[package]]
name = "scroll"
version = "0.5.0"
source = "registry+https://github.com/rust-lang/crates.io-index"

[[package]]
name = "slab_allocator"
version = "0.3.1"
dependencies = [
 "linked_list_allocator 0.6.2 (registry+https://github.com/rust-lang/crates.io-index)",
 "spin 0.4.9 (registry+https://github.com/rust-lang/crates.io-index)",
]

[[package]]
name = "spin"
version = "0.4.9"
source = "registry+https://github.com/rust-lang/crates.io-index"

[[package]]
name = "syn"
version = "0.11.11"
source = "registry+https://github.com/rust-lang/crates.io-index"
dependencies = [
 "quote 0.3.15 (registry+https://github.com/rust-lang/crates.io-index)",
 "synom 0.11.3 (registry+https://github.com/rust-lang/crates.io-index)",
 "unicode-xid 0.0.4 (registry+https://github.com/rust-lang/crates.io-index)",
]

[[package]]
name = "synom"
version = "0.11.3"
source = "registry+https://github.com/rust-lang/crates.io-index"
dependencies = [
 "unicode-xid 0.0.4 (registry+https://github.com/rust-lang/crates.io-index)",
]

[[package]]
name = "unicode-xid"
version = "0.0.4"
source = "registry+https://github.com/rust-lang/crates.io-index"

[[package]]
name = "x86"
version = "0.7.2"
source = "registry+https://github.com/rust-lang/crates.io-index"
dependencies = [
 "raw-cpuid 2.0.2 (registry+https://github.com/rust-lang/crates.io-index)",
]

[metadata]
"checksum bitflags 0.7.0 (registry+https://github.com/rust-lang/crates.io-index)" = "aad18937a628ec6abcd26d1489012cc0e18c21798210f491af69ded9b881106d"
"checksum bitflags 1.0.4 (registry+https://github.com/rust-lang/crates.io-index)" = "228047a76f468627ca71776ecdebd732a3423081fcf5125585bcd7c49886ce12"
"checksum byteorder 1.2.4 (registry+https://github.com/rust-lang/crates.io-index)" = "8389c509ec62b9fe8eca58c502a0acaf017737355615243496cde4994f8fa4f9"
"checksum cc 1.0.19 (registry+https://github.com/rust-lang/crates.io-index)" = "850d5f0c639adf4715b8cdf0272db2a4f1da26135b180e1f94bac592a8fc8e6d"
"checksum derive_more 0.6.2 (registry+https://github.com/rust-lang/crates.io-index)" = "10823914484e5c7ab3331c5a95f502a10bb7a5efdc8bdba388750e40b06d20a9"
"checksum encode_unicode 0.3.2 (registry+https://github.com/rust-lang/crates.io-index)" = "7dda4963a6de8b990d05ae23b6d766dde2c65e84e35b297333d137535c65a212"
"checksum fat 0.1.0 (git+https://gitlab.com/susurrus/fat-rs?rev=fb831ff819580cacef495ad8397717f0d9dc5ab8)" = "<none>"
"checksum goblin 0.0.10 (registry+https://github.com/rust-lang/crates.io-index)" = "81af14056c25d33759862c5ae2035452acb1255bfb1b16db57819f183921e259"
"checksum linked_list_allocator 0.6.2 (registry+https://github.com/rust-lang/crates.io-index)" = "c8ff3122438431172229f65f54f3c7eb9924a9f14e0df1895756cb19834e3b93"
"checksum plain 0.0.2 (registry+https://github.com/rust-lang/crates.io-index)" = "595830506990cbd6a1a08ed73bd9b40beb4692f38334885bf25a5daa654c6fae"
"checksum quote 0.3.15 (registry+https://github.com/rust-lang/crates.io-index)" = "7a6e920b65c65f10b2ae65c831a81a073a89edd28c7cce89475bff467ab4167a"
"checksum raw-cpuid 2.0.2 (registry+https://github.com/rust-lang/crates.io-index)" = "13b844e4049605ff38fed943f5c7b2c691fad68d9d5bf074d2720554c4e48246"
"checksum raw-cpuid 3.1.0 (registry+https://github.com/rust-lang/crates.io-index)" = "233ec1847057cf4d4591a0d76908aa12812140b11ea7d7d05b4c38cadb069c31"
"checksum rlibc 1.0.0 (registry+https://github.com/rust-lang/crates.io-index)" = "fc874b127765f014d792f16763a81245ab80500e2ad921ed4ee9e82481ee08fe"
"checksum scroll 0.5.0 (registry+https://github.com/rust-lang/crates.io-index)" = "1d916a75d18d4c559fa7312afe6f522fe5b63176e6591d02ed81017c22f8ea27"
"checksum spin 0.4.9 (registry+https://github.com/rust-lang/crates.io-index)" = "37b5646825922b96b5d7d676b5bb3458a54498e96ed7b0ce09dc43a07038fea4"
"checksum syn 0.11.11 (registry+https://github.com/rust-lang/crates.io-index)" = "d3b891b9015c88c576343b9b3e41c2c11a51c219ef067b264bd9c8aa9b441dad"
"checksum synom 0.11.3 (registry+https://github.com/rust-lang/crates.io-index)" = "a393066ed9010ebaed60b9eafa373d4b1baac186dd7e008555b0f702b51945b6"
"checksum unicode-xid 0.0.4 (registry+https://github.com/rust-lang/crates.io-index)" = "8c1f860d7d29cf02cb2f3f359fd35991af3d30bac52c57d265a3c461074cb4dc"
"checksum x86 0.7.2 (registry+https://github.com/rust-lang/crates.io-index)" = "127728f29f7cfb243a9264c80fc7e57bd1abb3ab015850b05736efda2abe5859"
