[[package]]
name = "bitflags"
version = "0.7.0"
source = "registry+https://github.com/rust-lang/crates.io-index"

[[package]]
name = "bitflags"
version = "1.0.3"
source = "registry+https://github.com/rust-lang/crates.io-index"

[[package]]
name = "byteorder"
version = "1.2.3"
source = "registry+https://github.com/rust-lang/crates.io-index"

[[package]]
name = "cc"
version = "1.0.18"
source = "registry+https://github.com/rust-lang/crates.io-index"

[[package]]
name = "goblin"
version = "0.0.10"
source = "registry+https://github.com/rust-lang/crates.io-index"
dependencies = [
 "plain 0.0.2 (registry+https://github.com/rust-lang/crates.io-index)",
 "scroll 0.5.0 (registry+https://github.com/rust-lang/crates.io-index)",
]

[[package]]
name = "linked_list_allocator"
version = "0.6.1"
source = "registry+https://github.com/rust-lang/crates.io-index"
dependencies = [
 "spin 0.4.8 (registry+https://github.com/rust-lang/crates.io-index)",
]

[[package]]
name = "plain"
version = "0.0.2"
source = "registry+https://github.com/rust-lang/crates.io-index"

[[package]]
name = "raw-cpuid"
version = "2.0.2"
source = "registry+https://github.com/rust-lang/crates.io-index"
dependencies = [
 "bitflags 0.7.0 (registry+https://github.com/rust-lang/crates.io-index)",
]

[[package]]
name = "raw-cpuid"
version = "3.1.0"
source = "registry+https://github.com/rust-lang/crates.io-index"
dependencies = [
 "bitflags 0.7.0 (registry+https://github.com/rust-lang/crates.io-index)",
 "cc 1.0.18 (registry+https://github.com/rust-lang/crates.io-index)",
]

[[package]]
name = "redox-loader"
version = "0.1.0"
dependencies = [
 "bitflags 1.0.3 (registry+https://github.com/rust-lang/crates.io-index)",
 "byteorder 1.2.3 (registry+https://github.com/rust-lang/crates.io-index)",
 "goblin 0.0.10 (registry+https://github.com/rust-lang/crates.io-index)",
 "linked_list_allocator 0.6.1 (registry+https://github.com/rust-lang/crates.io-index)",
 "raw-cpuid 3.1.0 (registry+https://github.com/rust-lang/crates.io-index)",
 "redox_syscall 0.1.40",
 "rlibc 1.0.0 (registry+https://github.com/rust-lang/crates.io-index)",
 "slab_allocator 0.3.1",
 "spin 0.4.8 (registry+https://github.com/rust-lang/crates.io-index)",
 "x86 0.7.2 (registry+https://github.com/rust-lang/crates.io-index)",
]

[[package]]
name = "redox_syscall"
version = "0.1.40"

[[package]]
name = "rlibc"
version = "1.0.0"
source = "registry+https://github.com/rust-lang/crates.io-index"

[[package]]
name = "scroll"
version = "0.5.0"
source = "registry+https://github.com/rust-lang/crates.io-index"

[[package]]
name = "slab_allocator"
version = "0.3.1"
dependencies = [
 "linked_list_allocator 0.6.1 (registry+https://github.com/rust-lang/crates.io-index)",
 "spin 0.4.8 (registry+https://github.com/rust-lang/crates.io-index)",
]

[[package]]
name = "spin"
version = "0.4.8"
source = "registry+https://github.com/rust-lang/crates.io-index"

[[package]]
name = "x86"
version = "0.7.2"
source = "registry+https://github.com/rust-lang/crates.io-index"
dependencies = [
 "raw-cpuid 2.0.2 (registry+https://github.com/rust-lang/crates.io-index)",
]

[metadata]
"checksum bitflags 0.7.0 (registry+https://github.com/rust-lang/crates.io-index)" = "aad18937a628ec6abcd26d1489012cc0e18c21798210f491af69ded9b881106d"
"checksum bitflags 1.0.3 (registry+https://github.com/rust-lang/crates.io-index)" = "d0c54bb8f454c567f21197eefcdbf5679d0bd99f2ddbe52e84c77061952e6789"
"checksum byteorder 1.2.3 (registry+https://github.com/rust-lang/crates.io-index)" = "74c0b906e9446b0a2e4f760cdb3fa4b2c48cdc6db8766a845c54b6ff063fd2e9"
"checksum cc 1.0.18 (registry+https://github.com/rust-lang/crates.io-index)" = "2119ea4867bd2b8ed3aecab467709720b2d55b1bcfe09f772fd68066eaf15275"
"checksum goblin 0.0.10 (registry+https://github.com/rust-lang/crates.io-index)" = "81af14056c25d33759862c5ae2035452acb1255bfb1b16db57819f183921e259"
"checksum linked_list_allocator 0.6.1 (registry+https://github.com/rust-lang/crates.io-index)" = "1ee3eeeadfa301cf51b59684c034ad47a9796d03a8b70650d46b6b400a4a3258"
"checksum plain 0.0.2 (registry+https://github.com/rust-lang/crates.io-index)" = "595830506990cbd6a1a08ed73bd9b40beb4692f38334885bf25a5daa654c6fae"
"checksum raw-cpuid 2.0.2 (registry+https://github.com/rust-lang/crates.io-index)" = "13b844e4049605ff38fed943f5c7b2c691fad68d9d5bf074d2720554c4e48246"
"checksum raw-cpuid 3.1.0 (registry+https://github.com/rust-lang/crates.io-index)" = "233ec1847057cf4d4591a0d76908aa12812140b11ea7d7d05b4c38cadb069c31"
"checksum rlibc 1.0.0 (registry+https://github.com/rust-lang/crates.io-index)" = "fc874b127765f014d792f16763a81245ab80500e2ad921ed4ee9e82481ee08fe"
"checksum scroll 0.5.0 (registry+https://github.com/rust-lang/crates.io-index)" = "1d916a75d18d4c559fa7312afe6f522fe5b63176e6591d02ed81017c22f8ea27"
"checksum spin 0.4.8 (registry+https://github.com/rust-lang/crates.io-index)" = "14db77c5b914df6d6173dda9a3b3f5937bd802934fa5edaf934df06a3491e56f"
"checksum x86 0.7.2 (registry+https://github.com/rust-lang/crates.io-index)" = "127728f29f7cfb243a9264c80fc7e57bd1abb3ab015850b05736efda2abe5859"
